
Microsoft Visual Studio Solution File, Format Version 12.00
# Visual Studio Version 17
VisualStudioVersion = 17.1.32407.343
MinimumVisualStudioVersion = 10.0.40219.1
Project("{9A19103F-16F7-4668-BE54-9A1E7A4F7556}") = "CommonCore.Data.Conventions.NHibernate", "CommonCore.Data.Conventions\CommonCore.Data.Conventions.NHibernate.csproj", "{9A3335C7-A75A-47C8-8E8E-5DF0F7C25C49}"
EndProject
Project("{2150E333-8FDC-42A3-9474-1A3956D46DE8}") = "Solution Items", "Solution Items", "{4FE092C1-674E-42F3-9B9C-9DDFACE92DDC}"
	ProjectSection(SolutionItems) = preProject
		.github\workflows\default.yml = .github\workflows\default.yml
		README.md = README.md
		.github\workflows\release.yml = .github\workflows\release.yml
	EndProjectSection
EndProject
Project("{9A19103F-16F7-4668-BE54-9A1E7A4F7556}") = "CommonCore.Data.Conventions.EFCore", "CommonCore.Data.Conventions.EFCore\CommonCore.Data.Conventions.EFCore.csproj", "{E73E0DFB-3BCD-4469-BBF5-E32FF86CD717}"
EndProject
Project("{9A19103F-16F7-4668-BE54-9A1E7A4F7556}") = "CommonCore.Data.Conventions.EFCore.Tests", "CommonCore.Data.Conventions.EFCore.Tests\CommonCore.Data.Conventions.EFCore.Tests.csproj", "{8F1B8EF1-D699-4307-905E-19CAFE2EE05F}"
EndProject
Global
	GlobalSection(SolutionConfigurationPlatforms) = preSolution
		Debug|Any CPU = Debug|Any CPU
		Release|Any CPU = Release|Any CPU
	EndGlobalSection
	GlobalSection(ProjectConfigurationPlatforms) = postSolution
		{9A3335C7-A75A-47C8-8E8E-5DF0F7C25C49}.Debug|Any CPU.ActiveCfg = Debug|Any CPU
		{9A3335C7-A75A-47C8-8E8E-5DF0F7C25C49}.Debug|Any CPU.Build.0 = Debug|Any CPU
		{9A3335C7-A75A-47C8-8E8E-5DF0F7C25C49}.Release|Any CPU.ActiveCfg = Release|Any CPU
		{9A3335C7-A75A-47C8-8E8E-5DF0F7C25C49}.Release|Any CPU.Build.0 = Release|Any CPU
		{E73E0DFB-3BCD-4469-BBF5-E32FF86CD717}.Debug|Any CPU.ActiveCfg = Debug|Any CPU
		{E73E0DFB-3BCD-4469-BBF5-E32FF86CD717}.Debug|Any CPU.Build.0 = Debug|Any CPU
		{E73E0DFB-3BCD-4469-BBF5-E32FF86CD717}.Release|Any CPU.ActiveCfg = Release|Any CPU
		{E73E0DFB-3BCD-4469-BBF5-E32FF86CD717}.Release|Any CPU.Build.0 = Release|Any CPU
		{8F1B8EF1-D699-4307-905E-19CAFE2EE05F}.Debug|Any CPU.ActiveCfg = Debug|Any CPU
		{8F1B8EF1-D699-4307-905E-19CAFE2EE05F}.Debug|Any CPU.Build.0 = Debug|Any CPU
		{8F1B8EF1-D699-4307-905E-19CAFE2EE05F}.Release|Any CPU.ActiveCfg = Release|Any CPU
		{8F1B8EF1-D699-4307-905E-19CAFE2EE05F}.Release|Any CPU.Build.0 = Release|Any CPU
	EndGlobalSection
	GlobalSection(SolutionProperties) = preSolution
		HideSolutionNode = FALSE
	EndGlobalSection
	GlobalSection(ExtensibilityGlobals) = postSolution
		SolutionGuid = {EC721F28-9020-44DB-9342-8509B7823B99}
	EndGlobalSection
EndGlobal
